
Microsoft Visual Studio Solution File, Format Version 12.00
# Visual Studio 15
VisualStudioVersion = 15.0.28010.2036
MinimumVisualStudioVersion = 10.0.40219.1
Project("{9092AA53-FB77-4645-B42D-1CCCA6BD08BD}") = "webApp", "webApp.njsproj", "{0A7B88E4-A57A-442B-8562-2071024B5DD5}"
EndProject
Global
	GlobalSection(SolutionConfigurationPlatforms) = preSolution
		Debug|Any CPU = Debug|Any CPU
		Release|Any CPU = Release|Any CPU
	EndGlobalSection
	GlobalSection(ProjectConfigurationPlatforms) = postSolution
		{0A7B88E4-A57A-442B-8562-2071024B5DD5}.Debug|Any CPU.ActiveCfg = Debug|Any CPU
		{0A7B88E4-A57A-442B-8562-2071024B5DD5}.Debug|Any CPU.Build.0 = Debug|Any CPU
		{0A7B88E4-A57A-442B-8562-2071024B5DD5}.Release|Any CPU.ActiveCfg = Release|Any CPU
		{0A7B88E4-A57A-442B-8562-2071024B5DD5}.Release|Any CPU.Build.0 = Release|Any CPU
	EndGlobalSection
	GlobalSection(SolutionProperties) = preSolution
		HideSolutionNode = FALSE
	EndGlobalSection
	GlobalSection(ExtensibilityGlobals) = postSolution
		SolutionGuid = {5CE3B7B0-AB42-43F4-A7C5-6B281EEA847F}
	EndGlobalSection
EndGlobal
